// !$*UTF8*$!
{
	archiveVersion = 1;
	classes = {
	};
	objectVersion = 46;
	objects = {

/* Begin PBXBuildFile section */
		DE524D651EC47CB100E8C2F9 /* AppDelegate.swift in Sources */ = {isa = PBXBuildFile; fileRef = DE524D641EC47CB100E8C2F9 /* AppDelegate.swift */; };
		DE524D671EC47CB100E8C2F9 /* Example1ViewController.swift in Sources */ = {isa = PBXBuildFile; fileRef = DE524D661EC47CB100E8C2F9 /* Example1ViewController.swift */; };
		DE524D6A1EC47CB100E8C2F9 /* Main.storyboard in Resources */ = {isa = PBXBuildFile; fileRef = DE524D681EC47CB100E8C2F9 /* Main.storyboard */; };
		DE524D6C1EC47CB100E8C2F9 /* Assets.xcassets in Resources */ = {isa = PBXBuildFile; fileRef = DE524D6B1EC47CB100E8C2F9 /* Assets.xcassets */; };
		DE524D6F1EC47CB100E8C2F9 /* LaunchScreen.storyboard in Resources */ = {isa = PBXBuildFile; fileRef = DE524D6D1EC47CB100E8C2F9 /* LaunchScreen.storyboard */; };
		DF85605DE14EAE2D14E58EB3 /* libPods-Example.a in Frameworks */ = {isa = PBXBuildFile; fileRef = EAEB7F4358B9EF21E9D96277 /* libPods-Example.a */; };
		FC2C2EE21ED7B1D70065633B /* Example4ViewController.swift in Sources */ = {isa = PBXBuildFile; fileRef = FC2C2EE11ED7B1D70065633B /* Example4ViewController.swift */; };
		FCB2E9471ECA8B7600285B87 /* ViewController.swift in Sources */ = {isa = PBXBuildFile; fileRef = FCB2E9461ECA8B7600285B87 /* ViewController.swift */; };
		FCB2E9491ECA929500285B87 /* Example2ViewController.swift in Sources */ = {isa = PBXBuildFile; fileRef = FCB2E9481ECA929500285B87 /* Example2ViewController.swift */; };
		FCB2E94B1ECA93CB00285B87 /* Example3ViewController.swift in Sources */ = {isa = PBXBuildFile; fileRef = FCB2E94A1ECA93CB00285B87 /* Example3ViewController.swift */; };
		FCB2E94F1ECADF3700285B87 /* README.md in Resources */ = {isa = PBXBuildFile; fileRef = FCB2E94E1ECADF3700285B87 /* README.md */; };
		FCB2E9511ECAF36500285B87 /* sample.md in Resources */ = {isa = PBXBuildFile; fileRef = FCB2E9501ECAF36500285B87 /* sample.md */; };
/* End PBXBuildFile section */

/* Begin PBXFileReference section */
		7DB4CCAB27BE7F6CF35BA1E5 /* Pods-Example.release.xcconfig */ = {isa = PBXFileReference; includeInIndex = 1; lastKnownFileType = text.xcconfig; name = "Pods-Example.release.xcconfig"; path = "Pods/Target Support Files/Pods-Example/Pods-Example.release.xcconfig"; sourceTree = "<group>"; };
		88E6DEC525FE3CD3BAB79EA8 /* Pods-Example.debug.xcconfig */ = {isa = PBXFileReference; includeInIndex = 1; lastKnownFileType = text.xcconfig; name = "Pods-Example.debug.xcconfig"; path = "Pods/Target Support Files/Pods-Example/Pods-Example.debug.xcconfig"; sourceTree = "<group>"; };
		DE524D611EC47CB100E8C2F9 /* Example.app */ = {isa = PBXFileReference; explicitFileType = wrapper.application; includeInIndex = 0; path = Example.app; sourceTree = BUILT_PRODUCTS_DIR; };
		DE524D641EC47CB100E8C2F9 /* AppDelegate.swift */ = {isa = PBXFileReference; lastKnownFileType = sourcecode.swift; path = AppDelegate.swift; sourceTree = "<group>"; };
		DE524D661EC47CB100E8C2F9 /* Example1ViewController.swift */ = {isa = PBXFileReference; lastKnownFileType = sourcecode.swift; path = Example1ViewController.swift; sourceTree = "<group>"; };
		DE524D691EC47CB100E8C2F9 /* Base */ = {isa = PBXFileReference; lastKnownFileType = file.storyboard; name = Base; path = Base.lproj/Main.storyboard; sourceTree = "<group>"; };
		DE524D6B1EC47CB100E8C2F9 /* Assets.xcassets */ = {isa = PBXFileReference; lastKnownFileType = folder.assetcatalog; path = Assets.xcassets; sourceTree = "<group>"; };
		DE524D6E1EC47CB100E8C2F9 /* Base */ = {isa = PBXFileReference; lastKnownFileType = file.storyboard; name = Base; path = Base.lproj/LaunchScreen.storyboard; sourceTree = "<group>"; };
		DE524D701EC47CB100E8C2F9 /* Info.plist */ = {isa = PBXFileReference; lastKnownFileType = text.plist.xml; path = Info.plist; sourceTree = "<group>"; };
		EAEB7F4358B9EF21E9D96277 /* libPods-Example.a */ = {isa = PBXFileReference; explicitFileType = archive.ar; includeInIndex = 0; path = "libPods-Example.a"; sourceTree = BUILT_PRODUCTS_DIR; };
		FC2C2EE11ED7B1D70065633B /* Example4ViewController.swift */ = {isa = PBXFileReference; fileEncoding = 4; lastKnownFileType = sourcecode.swift; path = Example4ViewController.swift; sourceTree = "<group>"; };
		FCB2E9461ECA8B7600285B87 /* ViewController.swift */ = {isa = PBXFileReference; fileEncoding = 4; lastKnownFileType = sourcecode.swift; path = ViewController.swift; sourceTree = "<group>"; };
		FCB2E9481ECA929500285B87 /* Example2ViewController.swift */ = {isa = PBXFileReference; fileEncoding = 4; lastKnownFileType = sourcecode.swift; path = Example2ViewController.swift; sourceTree = "<group>"; };
		FCB2E94A1ECA93CB00285B87 /* Example3ViewController.swift */ = {isa = PBXFileReference; fileEncoding = 4; lastKnownFileType = sourcecode.swift; path = Example3ViewController.swift; sourceTree = "<group>"; };
		FCB2E94E1ECADF3700285B87 /* README.md */ = {isa = PBXFileReference; fileEncoding = 4; lastKnownFileType = net.daringfireball.markdown; name = README.md; path = ../../README.md; sourceTree = "<group>"; };
		FCB2E9501ECAF36500285B87 /* sample.md */ = {isa = PBXFileReference; fileEncoding = 4; lastKnownFileType = net.daringfireball.markdown; name = sample.md; path = ../../sample.md; sourceTree = "<group>"; };
/* End PBXFileReference section */

/* Begin PBXFrameworksBuildPhase section */
		DE524D5E1EC47CB100E8C2F9 /* Frameworks */ = {
			isa = PBXFrameworksBuildPhase;
			buildActionMask = 2147483647;
			files = (
				DF85605DE14EAE2D14E58EB3 /* libPods-Example.a in Frameworks */,
			);
			runOnlyForDeploymentPostprocessing = 0;
		};
/* End PBXFrameworksBuildPhase section */

/* Begin PBXGroup section */
		5120DE397F30974224FD684A /* Frameworks */ = {
			isa = PBXGroup;
			children = (
				EAEB7F4358B9EF21E9D96277 /* libPods-Example.a */,
			);
			name = Frameworks;
			sourceTree = "<group>";
		};
		671C4DD5B4C96E4760239E4D /* Pods */ = {
			isa = PBXGroup;
			children = (
				88E6DEC525FE3CD3BAB79EA8 /* Pods-Example.debug.xcconfig */,
				7DB4CCAB27BE7F6CF35BA1E5 /* Pods-Example.release.xcconfig */,
			);
			name = Pods;
			sourceTree = "<group>";
		};
		DE524D581EC47CB100E8C2F9 = {
			isa = PBXGroup;
			children = (
				DE524D631EC47CB100E8C2F9 /* Example */,
				DE524D621EC47CB100E8C2F9 /* Products */,
				671C4DD5B4C96E4760239E4D /* Pods */,
				5120DE397F30974224FD684A /* Frameworks */,
			);
			sourceTree = "<group>";
		};
		DE524D621EC47CB100E8C2F9 /* Products */ = {
			isa = PBXGroup;
			children = (
				DE524D611EC47CB100E8C2F9 /* Example.app */,
			);
			name = Products;
			sourceTree = "<group>";
		};
		DE524D631EC47CB100E8C2F9 /* Example */ = {
			isa = PBXGroup;
			children = (
				FCB2E9501ECAF36500285B87 /* sample.md */,
				FCB2E94E1ECADF3700285B87 /* README.md */,
				DE524D641EC47CB100E8C2F9 /* AppDelegate.swift */,
				DE524D661EC47CB100E8C2F9 /* Example1ViewController.swift */,
				FCB2E9481ECA929500285B87 /* Example2ViewController.swift */,
				FCB2E94A1ECA93CB00285B87 /* Example3ViewController.swift */,
				FC2C2EE11ED7B1D70065633B /* Example4ViewController.swift */,
				FCB2E9461ECA8B7600285B87 /* ViewController.swift */,
				DE524D681EC47CB100E8C2F9 /* Main.storyboard */,
				DE524D6D1EC47CB100E8C2F9 /* LaunchScreen.storyboard */,
				DE524D701EC47CB100E8C2F9 /* Info.plist */,
				DE524D6B1EC47CB100E8C2F9 /* Assets.xcassets */,
			);
			path = Example;
			sourceTree = "<group>";
		};
/* End PBXGroup section */

/* Begin PBXNativeTarget section */
		DE524D601EC47CB100E8C2F9 /* Example */ = {
			isa = PBXNativeTarget;
			buildConfigurationList = DE524D731EC47CB100E8C2F9 /* Build configuration list for PBXNativeTarget "Example" */;
			buildPhases = (
				AC7DF812B9F91A932D25CB6D /* [CP] Check Pods Manifest.lock */,
				DE524D5D1EC47CB100E8C2F9 /* Sources */,
				DE524D5E1EC47CB100E8C2F9 /* Frameworks */,
				DE524D5F1EC47CB100E8C2F9 /* Resources */,
				A9591DA79983D9E13DB22B4B /* [CP] Copy Pods Resources */,
			);
			buildRules = (
			);
			dependencies = (
			);
			name = Example;
			productName = Example;
			productReference = DE524D611EC47CB100E8C2F9 /* Example.app */;
			productType = "com.apple.product-type.application";
		};
/* End PBXNativeTarget section */

/* Begin PBXProject section */
		DE524D591EC47CB100E8C2F9 /* Project object */ = {
			isa = PBXProject;
			attributes = {
				LastSwiftUpdateCheck = 0830;
				LastUpgradeCheck = 1020;
				ORGANIZATIONNAME = com.keita.oouchi;
				TargetAttributes = {
					DE524D601EC47CB100E8C2F9 = {
						CreatedOnToolsVersion = 8.3.2;
						ProvisioningStyle = Manual;
					};
				};
			};
			buildConfigurationList = DE524D5C1EC47CB100E8C2F9 /* Build configuration list for PBXProject "Example" */;
			compatibilityVersion = "Xcode 3.2";
			developmentRegion = en;
			hasScannedForEncodings = 0;
			knownRegions = (
				en,
				Base,
			);
			mainGroup = DE524D581EC47CB100E8C2F9;
			productRefGroup = DE524D621EC47CB100E8C2F9 /* Products */;
			projectDirPath = "";
			projectRoot = "";
			targets = (
				DE524D601EC47CB100E8C2F9 /* Example */,
			);
		};
/* End PBXProject section */

/* Begin PBXResourcesBuildPhase section */
		DE524D5F1EC47CB100E8C2F9 /* Resources */ = {
			isa = PBXResourcesBuildPhase;
			buildActionMask = 2147483647;
			files = (
				FCB2E94F1ECADF3700285B87 /* README.md in Resources */,
				FCB2E9511ECAF36500285B87 /* sample.md in Resources */,
				DE524D6F1EC47CB100E8C2F9 /* LaunchScreen.storyboard in Resources */,
				DE524D6C1EC47CB100E8C2F9 /* Assets.xcassets in Resources */,
				DE524D6A1EC47CB100E8C2F9 /* Main.storyboard in Resources */,
			);
			runOnlyForDeploymentPostprocessing = 0;
		};
/* End PBXResourcesBuildPhase section */

/* Begin PBXShellScriptBuildPhase section */
		A9591DA79983D9E13DB22B4B /* [CP] Copy Pods Resources */ = {
			isa = PBXShellScriptBuildPhase;
			buildActionMask = 2147483647;
			files = (
			);
			inputPaths = (
				"${PODS_ROOT}/Target Support Files/Pods-Example/Pods-Example-resources.sh",
				"${PODS_CONFIGURATION_BUILD_DIR}/MarkdownView/MarkdownView.bundle",
			);
			name = "[CP] Copy Pods Resources";
			outputPaths = (
				"${TARGET_BUILD_DIR}/${UNLOCALIZED_RESOURCES_FOLDER_PATH}/MarkdownView.bundle",
			);
			runOnlyForDeploymentPostprocessing = 0;
			shellPath = /bin/sh;
			shellScript = "\"${PODS_ROOT}/Target Support Files/Pods-Example/Pods-Example-resources.sh\"\n";
			showEnvVarsInLog = 0;
		};
		AC7DF812B9F91A932D25CB6D /* [CP] Check Pods Manifest.lock */ = {
			isa = PBXShellScriptBuildPhase;
			buildActionMask = 2147483647;
			files = (
			);
			inputPaths = (
				"${PODS_PODFILE_DIR_PATH}/Podfile.lock",
				"${PODS_ROOT}/Manifest.lock",
			);
			name = "[CP] Check Pods Manifest.lock";
			outputPaths = (
				"$(DERIVED_FILE_DIR)/Pods-Example-checkManifestLockResult.txt",
			);
			runOnlyForDeploymentPostprocessing = 0;
			shellPath = /bin/sh;
			shellScript = "diff \"${PODS_PODFILE_DIR_PATH}/Podfile.lock\" \"${PODS_ROOT}/Manifest.lock\" > /dev/null\nif [ $? != 0 ] ; then\n    # print error to STDERR\n    echo \"error: The sandbox is not in sync with the Podfile.lock. Run 'pod install' or update your CocoaPods installation.\" >&2\n    exit 1\nfi\n# This output is used by Xcode 'outputs' to avoid re-running this script phase.\necho \"SUCCESS\" > \"${SCRIPT_OUTPUT_FILE_0}\"\n";
			showEnvVarsInLog = 0;
		};
/* End PBXShellScriptBuildPhase section */

/* Begin PBXSourcesBuildPhase section */
		DE524D5D1EC47CB100E8C2F9 /* Sources */ = {
			isa = PBXSourcesBuildPhase;
			buildActionMask = 2147483647;
			files = (
				FCB2E9491ECA929500285B87 /* Example2ViewController.swift in Sources */,
				FCB2E9471ECA8B7600285B87 /* ViewController.swift in Sources */,
				FCB2E94B1ECA93CB00285B87 /* Example3ViewController.swift in Sources */,
				DE524D671EC47CB100E8C2F9 /* Example1ViewController.swift in Sources */,
				FC2C2EE21ED7B1D70065633B /* Example4ViewController.swift in Sources */,
				DE524D651EC47CB100E8C2F9 /* AppDelegate.swift in Sources */,
			);
			runOnlyForDeploymentPostprocessing = 0;
		};
/* End PBXSourcesBuildPhase section */

/* Begin PBXVariantGroup section */
		DE524D681EC47CB100E8C2F9 /* Main.storyboard */ = {
			isa = PBXVariantGroup;
			children = (
				DE524D691EC47CB100E8C2F9 /* Base */,
			);
			name = Main.storyboard;
			sourceTree = "<group>";
		};
		DE524D6D1EC47CB100E8C2F9 /* LaunchScreen.storyboard */ = {
			isa = PBXVariantGroup;
			children = (
				DE524D6E1EC47CB100E8C2F9 /* Base */,
			);
			name = LaunchScreen.storyboard;
			sourceTree = "<group>";
		};
/* End PBXVariantGroup section */

/* Begin XCBuildConfiguration section */
		DE524D711EC47CB100E8C2F9 /* Debug */ = {
			isa = XCBuildConfiguration;
			buildSettings = {
				ALWAYS_SEARCH_USER_PATHS = NO;
				CLANG_ANALYZER_LOCALIZABILITY_NONLOCALIZED = YES;
				CLANG_ANALYZER_NONNULL = YES;
				CLANG_ANALYZER_NUMBER_OBJECT_CONVERSION = YES_AGGRESSIVE;
				CLANG_CXX_LANGUAGE_STANDARD = "gnu++0x";
				CLANG_CXX_LIBRARY = "libc++";
				CLANG_ENABLE_MODULES = YES;
				CLANG_ENABLE_OBJC_ARC = YES;
				CLANG_WARN_BLOCK_CAPTURE_AUTORELEASING = YES;
				CLANG_WARN_BOOL_CONVERSION = YES;
				CLANG_WARN_COMMA = YES;
				CLANG_WARN_CONSTANT_CONVERSION = YES;
				CLANG_WARN_DEPRECATED_OBJC_IMPLEMENTATIONS = YES;
				CLANG_WARN_DIRECT_OBJC_ISA_USAGE = YES_ERROR;
				CLANG_WARN_DOCUMENTATION_COMMENTS = YES;
				CLANG_WARN_EMPTY_BODY = YES;
				CLANG_WARN_ENUM_CONVERSION = YES;
				CLANG_WARN_INFINITE_RECURSION = YES;
				CLANG_WARN_INT_CONVERSION = YES;
				CLANG_WARN_NON_LITERAL_NULL_CONVERSION = YES;
				CLANG_WARN_OBJC_IMPLICIT_RETAIN_SELF = YES;
				CLANG_WARN_OBJC_LITERAL_CONVERSION = YES;
				CLANG_WARN_OBJC_ROOT_CLASS = YES_ERROR;
				CLANG_WARN_RANGE_LOOP_ANALYSIS = YES;
				CLANG_WARN_STRICT_PROTOTYPES = YES;
				CLANG_WARN_SUSPICIOUS_MOVE = YES;
				CLANG_WARN_UNREACHABLE_CODE = YES;
				CLANG_WARN__DUPLICATE_METHOD_MATCH = YES;
				"CODE_SIGN_IDENTITY[sdk=iphoneos*]" = "iPhone Developer";
				COPY_PHASE_STRIP = NO;
				DEBUG_INFORMATION_FORMAT = dwarf;
				ENABLE_STRICT_OBJC_MSGSEND = YES;
				ENABLE_TESTABILITY = YES;
				GCC_C_LANGUAGE_STANDARD = gnu99;
				GCC_DYNAMIC_NO_PIC = NO;
				GCC_NO_COMMON_BLOCKS = YES;
				GCC_OPTIMIZATION_LEVEL = 0;
				GCC_PREPROCESSOR_DEFINITIONS = (
					"DEBUG=1",
					"$(inherited)",
				);
				GCC_WARN_64_TO_32_BIT_CONVERSION = YES;
				GCC_WARN_ABOUT_RETURN_TYPE = YES_ERROR;
				GCC_WARN_UNDECLARED_SELECTOR = YES;
				GCC_WARN_UNINITIALIZED_AUTOS = YES_AGGRESSIVE;
				GCC_WARN_UNUSED_FUNCTION = YES;
				GCC_WARN_UNUSED_VARIABLE = YES;
				IPHONEOS_DEPLOYMENT_TARGET = 13.0;
				MTL_ENABLE_DEBUG_INFO = YES;
				ONLY_ACTIVE_ARCH = YES;
				SDKROOT = iphoneos;
				SWIFT_ACTIVE_COMPILATION_CONDITIONS = DEBUG;
				SWIFT_OPTIMIZATION_LEVEL = "-Onone";
				SWIFT_VERSION = 4.0;
				TARGETED_DEVICE_FAMILY = "1,2";
			};
			name = Debug;
		};
		DE524D721EC47CB100E8C2F9 /* Release */ = {
			isa = XCBuildConfiguration;
			buildSettings = {
				ALWAYS_SEARCH_USER_PATHS = NO;
				CLANG_ANALYZER_LOCALIZABILITY_NONLOCALIZED = YES;
				CLANG_ANALYZER_NONNULL = YES;
				CLANG_ANALYZER_NUMBER_OBJECT_CONVERSION = YES_AGGRESSIVE;
				CLANG_CXX_LANGUAGE_STANDARD = "gnu++0x";
				CLANG_CXX_LIBRARY = "libc++";
				CLANG_ENABLE_MODULES = YES;
				CLANG_ENABLE_OBJC_ARC = YES;
				CLANG_WARN_BLOCK_CAPTURE_AUTORELEASING = YES;
				CLANG_WARN_BOOL_CONVERSION = YES;
				CLANG_WARN_COMMA = YES;
				CLANG_WARN_CONSTANT_CONVERSION = YES;
				CLANG_WARN_DEPRECATED_OBJC_IMPLEMENTATIONS = YES;
				CLANG_WARN_DIRECT_OBJC_ISA_USAGE = YES_ERROR;
				CLANG_WARN_DOCUMENTATION_COMMENTS = YES;
				CLANG_WARN_EMPTY_BODY = YES;
				CLANG_WARN_ENUM_CONVERSION = YES;
				CLANG_WARN_INFINITE_RECURSION = YES;
				CLANG_WARN_INT_CONVERSION = YES;
				CLANG_WARN_NON_LITERAL_NULL_CONVERSION = YES;
				CLANG_WARN_OBJC_IMPLICIT_RETAIN_SELF = YES;
				CLANG_WARN_OBJC_LITERAL_CONVERSION = YES;
				CLANG_WARN_OBJC_ROOT_CLASS = YES_ERROR;
				CLANG_WARN_RANGE_LOOP_ANALYSIS = YES;
				CLANG_WARN_STRICT_PROTOTYPES = YES;
				CLANG_WARN_SUSPICIOUS_MOVE = YES;
				CLANG_WARN_UNREACHABLE_CODE = YES;
				CLANG_WARN__DUPLICATE_METHOD_MATCH = YES;
				"CODE_SIGN_IDENTITY[sdk=iphoneos*]" = "iPhone Developer";
				COPY_PHASE_STRIP = NO;
				DEBUG_INFORMATION_FORMAT = "dwarf-with-dsym";
				ENABLE_NS_ASSERTIONS = NO;
				ENABLE_STRICT_OBJC_MSGSEND = YES;
				GCC_C_LANGUAGE_STANDARD = gnu99;
				GCC_NO_COMMON_BLOCKS = YES;
				GCC_OPTIMIZATION_LEVEL = fast;
				GCC_WARN_64_TO_32_BIT_CONVERSION = YES;
				GCC_WARN_ABOUT_RETURN_TYPE = YES_ERROR;
				GCC_WARN_UNDECLARED_SELECTOR = YES;
				GCC_WARN_UNINITIALIZED_AUTOS = YES_AGGRESSIVE;
				GCC_WARN_UNUSED_FUNCTION = YES;
				GCC_WARN_UNUSED_VARIABLE = YES;
				IPHONEOS_DEPLOYMENT_TARGET = 13.0;
				MTL_ENABLE_DEBUG_INFO = NO;
				SDKROOT = iphoneos;
				SWIFT_OPTIMIZATION_LEVEL = "-Owholemodule";
				SWIFT_VERSION = 4.0;
				TARGETED_DEVICE_FAMILY = "1,2";
				VALIDATE_PRODUCT = YES;
			};
			name = Release;
		};
		DE524D741EC47CB100E8C2F9 /* Debug */ = {
			isa = XCBuildConfiguration;
			baseConfigurationReference = 88E6DEC525FE3CD3BAB79EA8 /* Pods-Example.debug.xcconfig */;
			buildSettings = {
				ASSETCATALOG_COMPILER_APPICON_NAME = AppIcon;
				DEVELOPMENT_TEAM = "";
				INFOPLIST_FILE = Example/Info.plist;
				LD_RUNPATH_SEARCH_PATHS = "$(inherited) @executable_path/Frameworks";
				PRODUCT_BUNDLE_IDENTIFIER = com.keita.oouchi.Example;
				PRODUCT_NAME = "$(TARGET_NAME)";
				PROVISIONING_PROFILE_SPECIFIER = "";
				SWIFT_VERSION = 5.0;
			};
			name = Debug;
		};
		DE524D751EC47CB100E8C2F9 /* Release */ = {
			isa = XCBuildConfiguration;
			baseConfigurationReference = 7DB4CCAB27BE7F6CF35BA1E5 /* Pods-Example.release.xcconfig */;
			buildSettings = {
				ASSETCATALOG_COMPILER_APPICON_NAME = AppIcon;
				DEVELOPMENT_TEAM = "";
				INFOPLIST_FILE = Example/Info.plist;
				LD_RUNPATH_SEARCH_PATHS = "$(inherited) @executable_path/Frameworks";
				PRODUCT_BUNDLE_IDENTIFIER = com.keita.oouchi.Example;
				PRODUCT_NAME = "$(TARGET_NAME)";
				PROVISIONING_PROFILE_SPECIFIER = "";
				SWIFT_VERSION = 5.0;
			};
			name = Release;
		};
/* End XCBuildConfiguration section */

/* Begin XCConfigurationList section */
		DE524D5C1EC47CB100E8C2F9 /* Build configuration list for PBXProject "Example" */ = {
			isa = XCConfigurationList;
			buildConfigurations = (
				DE524D711EC47CB100E8C2F9 /* Debug */,
				DE524D721EC47CB100E8C2F9 /* Release */,
			);
			defaultConfigurationIsVisible = 0;
			defaultConfigurationName = Release;
		};
		DE524D731EC47CB100E8C2F9 /* Build configuration list for PBXNativeTarget "Example" */ = {
			isa = XCConfigurationList;
			buildConfigurations = (
				DE524D741EC47CB100E8C2F9 /* Debug */,
				DE524D751EC47CB100E8C2F9 /* Release */,
			);
			defaultConfigurationIsVisible = 0;
			defaultConfigurationName = Release;
		};
/* End XCConfigurationList section */
	};
	rootObject = DE524D591EC47CB100E8C2F9 /* Project object */;
}
