PODS:
  - GCDWebServer (3.5.4):
    - GCDWebServer/Core (= 3.5.4)
  - GCDWebServer/Core (3.5.4)

DEPENDENCIES:
  - GCDWebServer (~> 3.0)

SPEC REPOS:
  trunk:
    - GCDWebServer

SPEC CHECKSUMS:
  GCDWebServer: 2c156a56c8226e2d5c0c3f208a3621ccffbe3ce4

PODFILE CHECKSUM: 3b3a6635e0fd75e212a290daa3b59ddf28bff675

COCOAPODS: 1.10.1
