{
  "object": {
    "pins": [
      {
        "package": "CwlCatchException",
        "repositoryURL": "https://github.com/mattgallagher/CwlCatchException.git",
        "state": {
          "branch": null,
          "revision": "35f9e770f54ce62dd8526470f14c6e137cef3eea",
          "version": "2.1.1"
        }
      },
      {
        "package": "CwlPreconditionTesting",
        "repositoryURL": "https://github.com/mattgallagher/CwlPreconditionTesting.git",
        "state": {
          "branch": null,
          "revision": "c21f7bab5ca8eee0a9998bbd17ca1d0eb45d4688",
          "version": "2.1.0"
        }
      },
      {
        "package": "Dynamic",
        "repositoryURL": "https://github.com/mhdhejazi/Dynamic.git",
        "state": {
          "branch": null,
          "revision": "ab9a2570862d54aed2663691bb767f881226a12f",
          "version": "1.2.0"
        }
      },
      {
        "package": "FilesProvider",
        "repositoryURL": "https://github.com/thebaselab/FileProvider",
        "state": {
          "branch": "master",
          "revision": "abf68a62541a4193c8d106367ddb3648e8ab693f",
          "version": null
        }
      },
      {
        "package": "GCDWebServer",
        "repositoryURL": "https://github.com/thebaselab/GCDWebServer",
        "state": {
          "branch": "master",
          "revision": "14f9eedb296c5b71fec971d8256ef3bfc20a2245",
          "version": null
        }
      },
      {
        "package": "Clibgit2",
        "repositoryURL": "https://github.com/thebaselab/LibGit2-On-iOS",
        "state": {
          "branch": "master",
          "revision": "b368487aae224817eab09f52629d15aaf98c419e",
          "version": null
        }
      },
      {
        "package": "MarkdownView",
        "repositoryURL": "https://github.com/thebaselab/MarkdownView",
        "state": {
          "branch": "master",
          "revision": "bf73bf35a97ec6c63c4d73d99a7273858ebf3be5",
          "version": null
        }
      },
      {
        "package": "Nimble",
        "repositoryURL": "https://github.com/Quick/Nimble.git",
        "state": {
          "branch": null,
          "revision": "c93f16c25af5770f0d3e6af27c9634640946b068",
          "version": "9.2.1"
        }
      },
      {
        "package": "Quick",
        "repositoryURL": "https://github.com/Quick/Quick.git",
        "state": {
          "branch": null,
          "revision": "bd86ca0141e3cfb333546de5a11ede63f0c4a0e6",
          "version": "4.0.0"
        }
      },
      {
        "package": "Runestone",
        "repositoryURL": "https://github.com/simonbs/Runestone",
        "state": {
          "branch": null,
          "revision": "1fad339aab99cf2136ce6bf8c32da3265b2e85e5",
          "version": "0.5.1"
        }
      },
      {
        "package": "swift-atomics",
        "repositoryURL": "https://github.com/apple/swift-atomics.git",
        "state": {
          "branch": null,
          "revision": "cd142fd2f64be2100422d658e7411e39489da985",
          "version": "1.2.0"
        }
      },
      {
        "package": "swift-collections",
        "repositoryURL": "https://github.com/apple/swift-collections.git",
        "state": {
          "branch": null,
          "revision": "3d2dc41a01f9e49d84f0a3925fb858bed64f702d",
          "version": "1.1.2"
        }
      },
      {
        "package": "swift-nio",
        "repositoryURL": "https://github.com/apple/swift-nio.git",
        "state": {
          "branch": null,
          "revision": "e4abde8be0e49dc7d66e6eed651254accdcd9533",
          "version": "2.69.0"
        }
      },
      {
        "package": "swift-nio-transport-services",
        "repositoryURL": "https://github.com/apple/swift-nio-transport-services",
        "state": {
          "branch": null,
          "revision": "38ac8221dd20674682148d6451367f89c2652980",
          "version": "1.21.0"
        }
      },
      {
        "package": "swift-system",
        "repositoryURL": "https://github.com/apple/swift-system.git",
        "state": {
          "branch": null,
          "revision": "d2ba781702a1d8285419c15ee62fd734a9437ff5",
          "version": "1.3.2"
        }
      },
      {
        "package": "TreeSitter",
        "repositoryURL": "https://github.com/tree-sitter/tree-sitter",
        "state": {
          "branch": null,
          "revision": "98be227227af10cc7a269cb3ffb23686c0610b17",
          "version": "0.20.9"
        }
      },
      {
        "package": "TreeSitterLanguages",
        "repositoryURL": "https://github.com/simonbs/treesitterlanguages",
        "state": {
          "branch": null,
          "revision": "15cf3a9ec3ab95e0d058b7df9f35619123c9e02d",
          "version": "0.1.10"
        }
      },
      {
        "package": "ZipArchive",
        "repositoryURL": "https://github.com/ZipArchive/ZipArchive.git",
        "state": {
          "branch": null,
          "revision": "38e0ce0598e06b034271f296a8e15b149c91aa19",
          "version": "2.4.3"
        }
      },
      {
        "package": "ZIPFoundation",
        "repositoryURL": "https://github.com/weichsel/ZIPFoundation.git",
        "state": {
          "branch": null,
          "revision": "f6a22e7da26314b38bf9befce34ae8e4b2543090",
          "version": "0.9.15"
        }
      }
    ]
  },
  "version": 1
}
