{
  "object": {
    "pins": [
      {
        "package": "AppReceiptValidator",
        "repositoryURL": "https://github.com/IdeasOnCanvas/AppReceiptValidator",
        "state": {
          "branch": "main",
          "revision": "4dd74e61bb8692fa52da5ec99941dbea1d8c8753",
          "version": null
        }
      },
      {
        "package": "ASN1Decoder",
        "repositoryURL": "https://github.com/IdeasOnCanvas/ASN1Decoder",
        "state": {
          "branch": null,
          "revision": "6f36ef23becd7f9266ef6b026af4798996a1a8be",
          "version": "1.8.1"
        }
      },
      {
        "package": "Clibgit2",
        "repositoryURL": "https://github.com/thebaselab/Clibgit2",
        "state": {
          "branch": "master",
          "revision": "0abab9d7c7e050debf0ef7682a3e48199a0c3767",
          "version": null
        }
      },
      {
        "package": "CwlCatchException",
        "repositoryURL": "https://github.com/mattgallagher/CwlCatchException.git",
        "state": {
          "branch": null,
          "revision": "35f9e770f54ce62dd8526470f14c6e137cef3eea",
          "version": "2.1.1"
        }
      },
      {
        "package": "CwlPreconditionTesting",
        "repositoryURL": "https://github.com/mattgallagher/CwlPreconditionTesting.git",
        "state": {
          "branch": null,
          "revision": "c21f7bab5ca8eee0a9998bbd17ca1d0eb45d4688",
          "version": "2.1.0"
        }
      },
      {
        "package": "Dynamic",
        "repositoryURL": "https://github.com/mhdhejazi/Dynamic.git",
        "state": {
          "branch": null,
          "revision": "ab9a2570862d54aed2663691bb767f881226a12f",
          "version": "1.2.0"
        }
      },
      {
        "package": "FilesProvider",
        "repositoryURL": "https://github.com/amosavian/FileProvider",
        "state": {
          "branch": "master",
          "revision": "abf68a62541a4193c8d106367ddb3648e8ab693f",
          "version": null
        }
      },
      {
        "package": "GCDWebServer",
        "repositoryURL": "https://github.com/JacobHearst/GCDWebServer",
        "state": {
          "branch": null,
          "revision": "14f9eedb296c5b71fec971d8256ef3bfc20a2245",
          "version": "3.5.5"
        }
      },
      {
        "package": "MarkdownView",
        "repositoryURL": "https://github.com/thebaselab/MarkdownView",
        "state": {
          "branch": "master",
          "revision": "bf73bf35a97ec6c63c4d73d99a7273858ebf3be5",
          "version": null
        }
      },
      {
        "package": "Nimble",
        "repositoryURL": "https://github.com/Quick/Nimble.git",
        "state": {
          "branch": null,
          "revision": "c93f16c25af5770f0d3e6af27c9634640946b068",
          "version": "9.2.1"
        }
      },
      {
        "package": "Quick",
        "repositoryURL": "https://github.com/Quick/Quick.git",
        "state": {
          "branch": null,
          "revision": "bd86ca0141e3cfb333546de5a11ede63f0c4a0e6",
          "version": "4.0.0"
        }
      },
      {
        "package": "swift-crypto",
        "repositoryURL": "https://github.com/apple/swift-crypto",
        "state": {
          "branch": null,
          "revision": "ddb07e896a2a8af79512543b1c7eb9797f8898a5",
          "version": "1.1.7"
        }
      },
      {
        "package": "ZipArchive",
        "repositoryURL": "https://github.com/ZipArchive/ZipArchive.git",
        "state": {
          "branch": null,
          "revision": "38e0ce0598e06b034271f296a8e15b149c91aa19",
          "version": "2.4.3"
        }
      },
      {
        "package": "ZIPFoundation",
        "repositoryURL": "https://github.com/weichsel/ZIPFoundation.git",
        "state": {
          "branch": null,
          "revision": "f6a22e7da26314b38bf9befce34ae8e4b2543090",
          "version": "0.9.15"
        }
      }
    ]
  },
  "version": 1
}
