{
  "object": {
    "pins": [
      {
        "package": "Clibgit2",
        "repositoryURL": "https://github.com/thebaselab/Clibgit2",
        "state": {
          "branch": "master",
          "revision": "5490f24936be286eff9ce726abd978698e0e4159",
          "version": null
        }
      },
      {
        "package": "CwlCatchException",
        "repositoryURL": "https://github.com/mattgallagher/CwlCatchException.git",
        "state": {
          "branch": null,
          "revision": "35f9e770f54ce62dd8526470f14c6e137cef3eea",
          "version": "2.1.1"
        }
      },
      {
        "package": "CwlPreconditionTesting",
        "repositoryURL": "https://github.com/mattgallagher/CwlPreconditionTesting.git",
        "state": {
          "branch": null,
          "revision": "c21f7bab5ca8eee0a9998bbd17ca1d0eb45d4688",
          "version": "2.1.0"
        }
      },
      {
        "package": "Dynamic",
        "repositoryURL": "https://github.com/mhdhejazi/Dynamic.git",
        "state": {
          "branch": null,
          "revision": "ab9a2570862d54aed2663691bb767f881226a12f",
          "version": "1.2.0"
        }
      },
      {
        "package": "FilesProvider",
        "repositoryURL": "https://github.com/thebaselab/FileProvider",
        "state": {
          "branch": "master",
          "revision": "abf68a62541a4193c8d106367ddb3648e8ab693f",
          "version": null
        }
      },
      {
        "package": "GCDWebServer",
        "repositoryURL": "https://github.com/JacobHearst/GCDWebServer",
        "state": {
          "branch": null,
          "revision": "14f9eedb296c5b71fec971d8256ef3bfc20a2245",
          "version": "3.5.5"
        }
      },
      {
        "package": "MarkdownView",
        "repositoryURL": "https://github.com/thebaselab/MarkdownView",
        "state": {
          "branch": "master",
          "revision": "bf73bf35a97ec6c63c4d73d99a7273858ebf3be5",
          "version": null
        }
      },
      {
        "package": "Nimble",
        "repositoryURL": "https://github.com/Quick/Nimble.git",
        "state": {
          "branch": null,
          "revision": "c93f16c25af5770f0d3e6af27c9634640946b068",
          "version": "9.2.1"
        }
      },
      {
        "package": "Quick",
        "repositoryURL": "https://github.com/Quick/Quick.git",
        "state": {
          "branch": null,
          "revision": "bd86ca0141e3cfb333546de5a11ede63f0c4a0e6",
          "version": "4.0.0"
        }
      },
      {
        "package": "ZipArchive",
        "repositoryURL": "https://github.com/ZipArchive/ZipArchive.git",
        "state": {
          "branch": null,
          "revision": "38e0ce0598e06b034271f296a8e15b149c91aa19",
          "version": "2.4.3"
        }
      },
      {
        "package": "ZIPFoundation",
        "repositoryURL": "https://github.com/weichsel/ZIPFoundation.git",
        "state": {
          "branch": null,
          "revision": "f6a22e7da26314b38bf9befce34ae8e4b2543090",
          "version": "0.9.15"
        }
      }
    ]
  },
  "version": 1
}
