{
  "object": {
    "pins": [
      {
        "package": "Clibgit2",
        "repositoryURL": "https://github.com/thebaselab/Clibgit2",
        "state": {
          "branch": null,
          "revision": "57a9a73e3a3ebd39d5ca2b4732af7ff0b7073a75",
          "version": "0.1.0"
        }
      },
      {
        "package": "Dynamic",
        "repositoryURL": "https://github.com/mhdhejazi/Dynamic.git",
        "state": {
          "branch": null,
          "revision": "ab9a2570862d54aed2663691bb767f881226a12f",
          "version": "1.2.0"
        }
      },
      {
        "package": "FilesProvider",
        "repositoryURL": "https://github.com/amosavian/FileProvider",
        "state": {
          "branch": "master",
          "revision": "abf68a62541a4193c8d106367ddb3648e8ab693f",
          "version": null
        }
      },
      {
        "package": "MarkdownView",
        "repositoryURL": "https://github.com/thebaselab/MarkdownView",
        "state": {
          "branch": "master",
          "revision": "55ea9b558ed5e4614398bab5438d47967ec2c3fe",
          "version": null
        }
      },
      {
        "package": "ZIPFoundation",
        "repositoryURL": "https://github.com/weichsel/ZIPFoundation.git",
        "state": {
          "branch": null,
          "revision": "cf10bbff6ac3b873e97b36b9784c79866a051a8e",
          "version": "0.9.12"
        }
      }
    ]
  },
  "version": 1
}
